
Microsoft Visual Studio Solution File, Format Version 12.00
# Visual Studio Version 16
VisualStudioVersion = 16.0.28803.202
MinimumVisualStudioVersion = 10.0.40219.1
Project("{FAE04EC0-301F-11D3-BF4B-00C04F79EFBC}") = "WebApplication", "WebApplication\WebApplication.csproj", "{478EEEB5-120E-407C-BAEB-EE71B03B028F}"
EndProject
Global
	GlobalSection(SolutionConfigurationPlatforms) = preSolution
		Debug|Any CPU = Debug|Any CPU
		Release|Any CPU = Release|Any CPU
	EndGlobalSection
	GlobalSection(ProjectConfigurationPlatforms) = postSolution
		{478EEEB5-120E-407C-BAEB-EE71B03B028F}.Debug|Any CPU.ActiveCfg = Debug|Any CPU
		{478EEEB5-120E-407C-BAEB-EE71B03B028F}.Debug|Any CPU.Build.0 = Debug|Any CPU
		{478EEEB5-120E-407C-BAEB-EE71B03B028F}.Release|Any CPU.ActiveCfg = Release|Any CPU
		{478EEEB5-120E-407C-BAEB-EE71B03B028F}.Release|Any CPU.Build.0 = Release|Any CPU
	EndGlobalSection
	GlobalSection(SolutionProperties) = preSolution
		HideSolutionNode = FALSE
	EndGlobalSection
	GlobalSection(ExtensibilityGlobals) = postSolution
		SolutionGuid = {B8A30056-3A83-41CA-805D-95CD8BD0CBEF}
	EndGlobalSection
EndGlobal
